// !$*UTF8*$!
{
	archiveVersion = 1;
	classes = {
	};
	objectVersion = 56;
	objects = {

/* Begin PBXBuildFile section */
		FFE38A912C9261A60010F086 /* AppDelegate.swift in Sources */ = {isa = PBXBuildFile; fileRef = FFE38A902C9261A60010F086 /* AppDelegate.swift */; };
		FFE38A932C9261A60010F086 /* SceneDelegate.swift in Sources */ = {isa = PBXBuildFile; fileRef = FFE38A922C9261A60010F086 /* SceneDelegate.swift */; };
		FFE38A952C9261A60010F086 /* ViewController.swift in Sources */ = {isa = PBXBuildFile; fileRef = FFE38A942C9261A60010F086 /* ViewController.swift */; };
		FFE38A982C9261A60010F086 /* Base in Resources */ = {isa = PBXBuildFile; fileRef = FFE38A972C9261A60010F086 /* Base */; };
		FFE38A9A2C9261A70010F086 /* Assets.xcassets in Resources */ = {isa = PBXBuildFile; fileRef = FFE38A992C9261A70010F086 /* Assets.xcassets */; };
		FFE38A9D2C9261A70010F086 /* Base in Resources */ = {isa = PBXBuildFile; fileRef = FFE38A9C2C9261A70010F086 /* Base */; };
		FFE38AA82C9261A70010F086 /* Multiplication_TableTests.swift in Sources */ = {isa = PBXBuildFile; fileRef = FFE38AA72C9261A70010F086 /* Multiplication_TableTests.swift */; };
		FFE38AB22C9261A70010F086 /* Multiplication_TableUITests.swift in Sources */ = {isa = PBXBuildFile; fileRef = FFE38AB12C9261A70010F086 /* Multiplication_TableUITests.swift */; };
		FFE38AB42C9261A70010F086 /* Multiplication_TableUITestsLaunchTests.swift in Sources */ = {isa = PBXBuildFile; fileRef = FFE38AB32C9261A70010F086 /* Multiplication_TableUITestsLaunchTests.swift */; };
/* End PBXBuildFile section */

/* Begin PBXContainerItemProxy section */
		FFE38AA42C9261A70010F086 /* PBXContainerItemProxy */ = {
			isa = PBXContainerItemProxy;
			containerPortal = FFE38A852C9261A60010F086 /* Project object */;
			proxyType = 1;
			remoteGlobalIDString = FFE38A8C2C9261A60010F086;
			remoteInfo = "Multiplication-Table";
		};
		FFE38AAE2C9261A70010F086 /* PBXContainerItemProxy */ = {
			isa = PBXContainerItemProxy;
			containerPortal = FFE38A852C9261A60010F086 /* Project object */;
			proxyType = 1;
			remoteGlobalIDString = FFE38A8C2C9261A60010F086;
			remoteInfo = "Multiplication-Table";
		};
/* End PBXContainerItemProxy section */

/* Begin PBXFileReference section */
		FFE38A8D2C9261A60010F086 /* Multiplication-Table.app */ = {isa = PBXFileReference; explicitFileType = wrapper.application; includeInIndex = 0; path = "Multiplication-Table.app"; sourceTree = BUILT_PRODUCTS_DIR; };
		FFE38A902C9261A60010F086 /* AppDelegate.swift */ = {isa = PBXFileReference; lastKnownFileType = sourcecode.swift; path = AppDelegate.swift; sourceTree = "<group>"; };
		FFE38A922C9261A60010F086 /* SceneDelegate.swift */ = {isa = PBXFileReference; lastKnownFileType = sourcecode.swift; path = SceneDelegate.swift; sourceTree = "<group>"; };
		FFE38A942C9261A60010F086 /* ViewController.swift */ = {isa = PBXFileReference; lastKnownFileType = sourcecode.swift; path = ViewController.swift; sourceTree = "<group>"; };
		FFE38A972C9261A60010F086 /* Base */ = {isa = PBXFileReference; lastKnownFileType = file.storyboard; name = Base; path = Base.lproj/Main.storyboard; sourceTree = "<group>"; };
		FFE38A992C9261A70010F086 /* Assets.xcassets */ = {isa = PBXFileReference; lastKnownFileType = folder.assetcatalog; path = Assets.xcassets; sourceTree = "<group>"; };
		FFE38A9C2C9261A70010F086 /* Base */ = {isa = PBXFileReference; lastKnownFileType = file.storyboard; name = Base; path = Base.lproj/LaunchScreen.storyboard; sourceTree = "<group>"; };
		FFE38A9E2C9261A70010F086 /* Info.plist */ = {isa = PBXFileReference; lastKnownFileType = text.plist.xml; path = Info.plist; sourceTree = "<group>"; };
		FFE38AA32C9261A70010F086 /* Multiplication-TableTests.xctest */ = {isa = PBXFileReference; explicitFileType = wrapper.cfbundle; includeInIndex = 0; path = "Multiplication-TableTests.xctest"; sourceTree = BUILT_PRODUCTS_DIR; };
		FFE38AA72C9261A70010F086 /* Multiplication_TableTests.swift */ = {isa = PBXFileReference; lastKnownFileType = sourcecode.swift; path = Multiplication_TableTests.swift; sourceTree = "<group>"; };
		FFE38AAD2C9261A70010F086 /* Multiplication-TableUITests.xctest */ = {isa = PBXFileReference; explicitFileType = wrapper.cfbundle; includeInIndex = 0; path = "Multiplication-TableUITests.xctest"; sourceTree = BUILT_PRODUCTS_DIR; };
		FFE38AB12C9261A70010F086 /* Multiplication_TableUITests.swift */ = {isa = PBXFileReference; lastKnownFileType = sourcecode.swift; path = Multiplication_TableUITests.swift; sourceTree = "<group>"; };
		FFE38AB32C9261A70010F086 /* Multiplication_TableUITestsLaunchTests.swift */ = {isa = PBXFileReference; lastKnownFileType = sourcecode.swift; path = Multiplication_TableUITestsLaunchTests.swift; sourceTree = "<group>"; };
/* End PBXFileReference section */

/* Begin PBXFrameworksBuildPhase section */
		FFE38A8A2C9261A60010F086 /* Frameworks */ = {
			isa = PBXFrameworksBuildPhase;
			buildActionMask = 2147483647;
			files = (
			);
			runOnlyForDeploymentPostprocessing = 0;
		};
		FFE38AA02C9261A70010F086 /* Frameworks */ = {
			isa = PBXFrameworksBuildPhase;
			buildActionMask = 2147483647;
			files = (
			);
			runOnlyForDeploymentPostprocessing = 0;
		};
		FFE38AAA2C9261A70010F086 /* Frameworks */ = {
			isa = PBXFrameworksBuildPhase;
			buildActionMask = 2147483647;
			files = (
			);
			runOnlyForDeploymentPostprocessing = 0;
		};
/* End PBXFrameworksBuildPhase section */

/* Begin PBXGroup section */
		FFE38A842C9261A60010F086 = {
			isa = PBXGroup;
			children = (
				FFE38A8F2C9261A60010F086 /* Multiplication-Table */,
				FFE38AA62C9261A70010F086 /* Multiplication-TableTests */,
				FFE38AB02C9261A70010F086 /* Multiplication-TableUITests */,
				FFE38A8E2C9261A60010F086 /* Products */,
			);
			sourceTree = "<group>";
		};
		FFE38A8E2C9261A60010F086 /* Products */ = {
			isa = PBXGroup;
			children = (
				FFE38A8D2C9261A60010F086 /* Multiplication-Table.app */,
				FFE38AA32C9261A70010F086 /* Multiplication-TableTests.xctest */,
				FFE38AAD2C9261A70010F086 /* Multiplication-TableUITests.xctest */,
			);
			name = Products;
			sourceTree = "<group>";
		};
		FFE38A8F2C9261A60010F086 /* Multiplication-Table */ = {
			isa = PBXGroup;
			children = (
				FFE38A902C9261A60010F086 /* AppDelegate.swift */,
				FFE38A922C9261A60010F086 /* SceneDelegate.swift */,
				FFE38A942C9261A60010F086 /* ViewController.swift */,
				FFE38A962C9261A60010F086 /* Main.storyboard */,
				FFE38A992C9261A70010F086 /* Assets.xcassets */,
				FFE38A9B2C9261A70010F086 /* LaunchScreen.storyboard */,
				FFE38A9E2C9261A70010F086 /* Info.plist */,
			);
			path = "Multiplication-Table";
			sourceTree = "<group>";
		};
		FFE38AA62C9261A70010F086 /* Multiplication-TableTests */ = {
			isa = PBXGroup;
			children = (
				FFE38AA72C9261A70010F086 /* Multiplication_TableTests.swift */,
			);
			path = "Multiplication-TableTests";
			sourceTree = "<group>";
		};
		FFE38AB02C9261A70010F086 /* Multiplication-TableUITests */ = {
			isa = PBXGroup;
			children = (
				FFE38AB12C9261A70010F086 /* Multiplication_TableUITests.swift */,
				FFE38AB32C9261A70010F086 /* Multiplication_TableUITestsLaunchTests.swift */,
			);
			path = "Multiplication-TableUITests";
			sourceTree = "<group>";
		};
/* End PBXGroup section */

/* Begin PBXNativeTarget section */
		FFE38A8C2C9261A60010F086 /* Multiplication-Table */ = {
			isa = PBXNativeTarget;
			buildConfigurationList = FFE38AB72C9261A70010F086 /* Build configuration list for PBXNativeTarget "Multiplication-Table" */;
			buildPhases = (
				FFE38A892C9261A60010F086 /* Sources */,
				FFE38A8A2C9261A60010F086 /* Frameworks */,
				FFE38A8B2C9261A60010F086 /* Resources */,
			);
			buildRules = (
			);
			dependencies = (
			);
			name = "Multiplication-Table";
			productName = "Multiplication-Table";
			productReference = FFE38A8D2C9261A60010F086 /* Multiplication-Table.app */;
			productType = "com.apple.product-type.application";
		};
		FFE38AA22C9261A70010F086 /* Multiplication-TableTests */ = {
			isa = PBXNativeTarget;
			buildConfigurationList = FFE38ABA2C9261A70010F086 /* Build configuration list for PBXNativeTarget "Multiplication-TableTests" */;
			buildPhases = (
				FFE38A9F2C9261A70010F086 /* Sources */,
				FFE38AA02C9261A70010F086 /* Frameworks */,
				FFE38AA12C9261A70010F086 /* Resources */,
			);
			buildRules = (
			);
			dependencies = (
				FFE38AA52C9261A70010F086 /* PBXTargetDependency */,
			);
			name = "Multiplication-TableTests";
			productName = "Multiplication-TableTests";
			productReference = FFE38AA32C9261A70010F086 /* Multiplication-TableTests.xctest */;
			productType = "com.apple.product-type.bundle.unit-test";
		};
		FFE38AAC2C9261A70010F086 /* Multiplication-TableUITests */ = {
			isa = PBXNativeTarget;
			buildConfigurationList = FFE38ABD2C9261A70010F086 /* Build configuration list for PBXNativeTarget "Multiplication-TableUITests" */;
			buildPhases = (
				FFE38AA92C9261A70010F086 /* Sources */,
				FFE38AAA2C9261A70010F086 /* Frameworks */,
				FFE38AAB2C9261A70010F086 /* Resources */,
			);
			buildRules = (
			);
			dependencies = (
				FFE38AAF2C9261A70010F086 /* PBXTargetDependency */,
			);
			name = "Multiplication-TableUITests";
			productName = "Multiplication-TableUITests";
			productReference = FFE38AAD2C9261A70010F086 /* Multiplication-TableUITests.xctest */;
			productType = "com.apple.product-type.bundle.ui-testing";
		};
/* End PBXNativeTarget section */

/* Begin PBXProject section */
		FFE38A852C9261A60010F086 /* Project object */ = {
			isa = PBXProject;
			attributes = {
				BuildIndependentTargetsInParallel = 1;
				LastSwiftUpdateCheck = 1540;
				LastUpgradeCheck = 1540;
				TargetAttributes = {
					FFE38A8C2C9261A60010F086 = {
						CreatedOnToolsVersion = 15.4;
					};
					FFE38AA22C9261A70010F086 = {
						CreatedOnToolsVersion = 15.4;
						TestTargetID = FFE38A8C2C9261A60010F086;
					};
					FFE38AAC2C9261A70010F086 = {
						CreatedOnToolsVersion = 15.4;
						TestTargetID = FFE38A8C2C9261A60010F086;
					};
				};
			};
			buildConfigurationList = FFE38A882C9261A60010F086 /* Build configuration list for PBXProject "Multiplication-Table" */;
			compatibilityVersion = "Xcode 14.0";
			developmentRegion = en;
			hasScannedForEncodings = 0;
			knownRegions = (
				en,
				Base,
			);
			mainGroup = FFE38A842C9261A60010F086;
			productRefGroup = FFE38A8E2C9261A60010F086 /* Products */;
			projectDirPath = "";
			projectRoot = "";
			targets = (
				FFE38A8C2C9261A60010F086 /* Multiplication-Table */,
				FFE38AA22C9261A70010F086 /* Multiplication-TableTests */,
				FFE38AAC2C9261A70010F086 /* Multiplication-TableUITests */,
			);
		};
/* End PBXProject section */

/* Begin PBXResourcesBuildPhase section */
		FFE38A8B2C9261A60010F086 /* Resources */ = {
			isa = PBXResourcesBuildPhase;
			buildActionMask = 2147483647;
			files = (
				FFE38A9A2C9261A70010F086 /* Assets.xcassets in Resources */,
				FFE38A9D2C9261A70010F086 /* Base in Resources */,
				FFE38A982C9261A60010F086 /* Base in Resources */,
			);
			runOnlyForDeploymentPostprocessing = 0;
		};
		FFE38AA12C9261A70010F086 /* Resources */ = {
			isa = PBXResourcesBuildPhase;
			buildActionMask = 2147483647;
			files = (
			);
			runOnlyForDeploymentPostprocessing = 0;
		};
		FFE38AAB2C9261A70010F086 /* Resources */ = {
			isa = PBXResourcesBuildPhase;
			buildActionMask = 2147483647;
			files = (
			);
			runOnlyForDeploymentPostprocessing = 0;
		};
/* End PBXResourcesBuildPhase section */

/* Begin PBXSourcesBuildPhase section */
		FFE38A892C9261A60010F086 /* Sources */ = {
			isa = PBXSourcesBuildPhase;
			buildActionMask = 2147483647;
			files = (
				FFE38A952C9261A60010F086 /* ViewController.swift in Sources */,
				FFE38A912C9261A60010F086 /* AppDelegate.swift in Sources */,
				FFE38A932C9261A60010F086 /* SceneDelegate.swift in Sources */,
			);
			runOnlyForDeploymentPostprocessing = 0;
		};
		FFE38A9F2C9261A70010F086 /* Sources */ = {
			isa = PBXSourcesBuildPhase;
			buildActionMask = 2147483647;
			files = (
				FFE38AA82C9261A70010F086 /* Multiplication_TableTests.swift in Sources */,
			);
			runOnlyForDeploymentPostprocessing = 0;
		};
		FFE38AA92C9261A70010F086 /* Sources */ = {
			isa = PBXSourcesBuildPhase;
			buildActionMask = 2147483647;
			files = (
				FFE38AB22C9261A70010F086 /* Multiplication_TableUITests.swift in Sources */,
				FFE38AB42C9261A70010F086 /* Multiplication_TableUITestsLaunchTests.swift in Sources */,
			);
			runOnlyForDeploymentPostprocessing = 0;
		};
/* End PBXSourcesBuildPhase section */

/* Begin PBXTargetDependency section */
		FFE38AA52C9261A70010F086 /* PBXTargetDependency */ = {
			isa = PBXTargetDependency;
			target = FFE38A8C2C9261A60010F086 /* Multiplication-Table */;
			targetProxy = FFE38AA42C9261A70010F086 /* PBXContainerItemProxy */;
		};
		FFE38AAF2C9261A70010F086 /* PBXTargetDependency */ = {
			isa = PBXTargetDependency;
			target = FFE38A8C2C9261A60010F086 /* Multiplication-Table */;
			targetProxy = FFE38AAE2C9261A70010F086 /* PBXContainerItemProxy */;
		};
/* End PBXTargetDependency section */

/* Begin PBXVariantGroup section */
		FFE38A962C9261A60010F086 /* Main.storyboard */ = {
			isa = PBXVariantGroup;
			children = (
				FFE38A972C9261A60010F086 /* Base */,
			);
			name = Main.storyboard;
			sourceTree = "<group>";
		};
		FFE38A9B2C9261A70010F086 /* LaunchScreen.storyboard */ = {
			isa = PBXVariantGroup;
			children = (
				FFE38A9C2C9261A70010F086 /* Base */,
			);
			name = LaunchScreen.storyboard;
			sourceTree = "<group>";
		};
/* End PBXVariantGroup section */

/* Begin XCBuildConfiguration section */
		FFE38AB52C9261A70010F086 /* Debug */ = {
			isa = XCBuildConfiguration;
			buildSettings = {
				ALWAYS_SEARCH_USER_PATHS = NO;
				ASSETCATALOG_COMPILER_GENERATE_SWIFT_ASSET_SYMBOL_EXTENSIONS = YES;
				CLANG_ANALYZER_NONNULL = YES;
				CLANG_ANALYZER_NUMBER_OBJECT_CONVERSION = YES_AGGRESSIVE;
				CLANG_CXX_LANGUAGE_STANDARD = "gnu++20";
				CLANG_ENABLE_MODULES = YES;
				CLANG_ENABLE_OBJC_ARC = YES;
				CLANG_ENABLE_OBJC_WEAK = YES;
				CLANG_WARN_BLOCK_CAPTURE_AUTORELEASING = YES;
				CLANG_WARN_BOOL_CONVERSION = YES;
				CLANG_WARN_COMMA = YES;
				CLANG_WARN_CONSTANT_CONVERSION = YES;
				CLANG_WARN_DEPRECATED_OBJC_IMPLEMENTATIONS = YES;
				CLANG_WARN_DIRECT_OBJC_ISA_USAGE = YES_ERROR;
				CLANG_WARN_DOCUMENTATION_COMMENTS = YES;
				CLANG_WARN_EMPTY_BODY = YES;
				CLANG_WARN_ENUM_CONVERSION = YES;
				CLANG_WARN_INFINITE_RECURSION = YES;
				CLANG_WARN_INT_CONVERSION = YES;
				CLANG_WARN_NON_LITERAL_NULL_CONVERSION = YES;
				CLANG_WARN_OBJC_IMPLICIT_RETAIN_SELF = YES;
				CLANG_WARN_OBJC_LITERAL_CONVERSION = YES;
				CLANG_WARN_OBJC_ROOT_CLASS = YES_ERROR;
				CLANG_WARN_QUOTED_INCLUDE_IN_FRAMEWORK_HEADER = YES;
				CLANG_WARN_RANGE_LOOP_ANALYSIS = YES;
				CLANG_WARN_STRICT_PROTOTYPES = YES;
				CLANG_WARN_SUSPICIOUS_MOVE = YES;
				CLANG_WARN_UNGUARDED_AVAILABILITY = YES_AGGRESSIVE;
				CLANG_WARN_UNREACHABLE_CODE = YES;
				CLANG_WARN__DUPLICATE_METHOD_MATCH = YES;
				COPY_PHASE_STRIP = NO;
				DEBUG_INFORMATION_FORMAT = dwarf;
				ENABLE_STRICT_OBJC_MSGSEND = YES;
				ENABLE_TESTABILITY = YES;
				ENABLE_USER_SCRIPT_SANDBOXING = YES;
				GCC_C_LANGUAGE_STANDARD = gnu17;
				GCC_DYNAMIC_NO_PIC = NO;
				GCC_NO_COMMON_BLOCKS = YES;
				GCC_OPTIMIZATION_LEVEL = 0;
				GCC_PREPROCESSOR_DEFINITIONS = (
					"DEBUG=1",
					"$(inherited)",
				);
				GCC_WARN_64_TO_32_BIT_CONVERSION = YES;
				GCC_WARN_ABOUT_RETURN_TYPE = YES_ERROR;
				GCC_WARN_UNDECLARED_SELECTOR = YES;
				GCC_WARN_UNINITIALIZED_AUTOS = YES_AGGRESSIVE;
				GCC_WARN_UNUSED_FUNCTION = YES;
				GCC_WARN_UNUSED_VARIABLE = YES;
				IPHONEOS_DEPLOYMENT_TARGET = 17.5;
				LOCALIZATION_PREFERS_STRING_CATALOGS = YES;
				MTL_ENABLE_DEBUG_INFO = INCLUDE_SOURCE;
				MTL_FAST_MATH = YES;
				ONLY_ACTIVE_ARCH = YES;
				SDKROOT = iphoneos;
				SWIFT_ACTIVE_COMPILATION_CONDITIONS = "DEBUG $(inherited)";
				SWIFT_OPTIMIZATION_LEVEL = "-Onone";
			};
			name = Debug;
		};
		FFE38AB62C9261A70010F086 /* Release */ = {
			isa = XCBuildConfiguration;
			buildSettings = {
				ALWAYS_SEARCH_USER_PATHS = NO;
				ASSETCATALOG_COMPILER_GENERATE_SWIFT_ASSET_SYMBOL_EXTENSIONS = YES;
				CLANG_ANALYZER_NONNULL = YES;
				CLANG_ANALYZER_NUMBER_OBJECT_CONVERSION = YES_AGGRESSIVE;
				CLANG_CXX_LANGUAGE_STANDARD = "gnu++20";
				CLANG_ENABLE_MODULES = YES;
				CLANG_ENABLE_OBJC_ARC = YES;
				CLANG_ENABLE_OBJC_WEAK = YES;
				CLANG_WARN_BLOCK_CAPTURE_AUTORELEASING = YES;
				CLANG_WARN_BOOL_CONVERSION = YES;
				CLANG_WARN_COMMA = YES;
				CLANG_WARN_CONSTANT_CONVERSION = YES;
				CLANG_WARN_DEPRECATED_OBJC_IMPLEMENTATIONS = YES;
				CLANG_WARN_DIRECT_OBJC_ISA_USAGE = YES_ERROR;
				CLANG_WARN_DOCUMENTATION_COMMENTS = YES;
				CLANG_WARN_EMPTY_BODY = YES;
				CLANG_WARN_ENUM_CONVERSION = YES;
				CLANG_WARN_INFINITE_RECURSION = YES;
				CLANG_WARN_INT_CONVERSION = YES;
				CLANG_WARN_NON_LITERAL_NULL_CONVERSION = YES;
				CLANG_WARN_OBJC_IMPLICIT_RETAIN_SELF = YES;
				CLANG_WARN_OBJC_LITERAL_CONVERSION = YES;
				CLANG_WARN_OBJC_ROOT_CLASS = YES_ERROR;
				CLANG_WARN_QUOTED_INCLUDE_IN_FRAMEWORK_HEADER = YES;
				CLANG_WARN_RANGE_LOOP_ANALYSIS = YES;
				CLANG_WARN_STRICT_PROTOTYPES = YES;
				CLANG_WARN_SUSPICIOUS_MOVE = YES;
				CLANG_WARN_UNGUARDED_AVAILABILITY = YES_AGGRESSIVE;
				CLANG_WARN_UNREACHABLE_CODE = YES;
				CLANG_WARN__DUPLICATE_METHOD_MATCH = YES;
				COPY_PHASE_STRIP = NO;
				DEBUG_INFORMATION_FORMAT = "dwarf-with-dsym";
				ENABLE_NS_ASSERTIONS = NO;
				ENABLE_STRICT_OBJC_MSGSEND = YES;
				ENABLE_USER_SCRIPT_SANDBOXING = YES;
				GCC_C_LANGUAGE_STANDARD = gnu17;
				GCC_NO_COMMON_BLOCKS = YES;
				GCC_WARN_64_TO_32_BIT_CONVERSION = YES;
				GCC_WARN_ABOUT_RETURN_TYPE = YES_ERROR;
				GCC_WARN_UNDECLARED_SELECTOR = YES;
				GCC_WARN_UNINITIALIZED_AUTOS = YES_AGGRESSIVE;
				GCC_WARN_UNUSED_FUNCTION = YES;
				GCC_WARN_UNUSED_VARIABLE = YES;
				IPHONEOS_DEPLOYMENT_TARGET = 17.5;
				LOCALIZATION_PREFERS_STRING_CATALOGS = YES;
				MTL_ENABLE_DEBUG_INFO = NO;
				MTL_FAST_MATH = YES;
				SDKROOT = iphoneos;
				SWIFT_COMPILATION_MODE = wholemodule;
				VALIDATE_PRODUCT = YES;
			};
			name = Release;
		};
		FFE38AB82C9261A70010F086 /* Debug */ = {
			isa = XCBuildConfiguration;
			buildSettings = {
				ASSETCATALOG_COMPILER_APPICON_NAME = AppIcon;
				ASSETCATALOG_COMPILER_GLOBAL_ACCENT_COLOR_NAME = AccentColor;
				CODE_SIGN_STYLE = Automatic;
				CURRENT_PROJECT_VERSION = 1;
				GENERATE_INFOPLIST_FILE = YES;
				INFOPLIST_FILE = "Multiplication-Table/Info.plist";
				INFOPLIST_KEY_UIApplicationSupportsIndirectInputEvents = YES;
				INFOPLIST_KEY_UILaunchStoryboardName = LaunchScreen;
				INFOPLIST_KEY_UIMainStoryboardFile = Main;
				INFOPLIST_KEY_UISupportedInterfaceOrientations_iPad = "UIInterfaceOrientationPortrait UIInterfaceOrientationPortraitUpsideDown UIInterfaceOrientationLandscapeLeft UIInterfaceOrientationLandscapeRight";
				INFOPLIST_KEY_UISupportedInterfaceOrientations_iPhone = "UIInterfaceOrientationPortrait UIInterfaceOrientationLandscapeLeft UIInterfaceOrientationLandscapeRight";
				LD_RUNPATH_SEARCH_PATHS = (
					"$(inherited)",
					"@executable_path/Frameworks",
				);
				MARKETING_VERSION = 1.0;
				PRODUCT_BUNDLE_IDENTIFIER = "com.Jo.Multiplication-Table";
				PRODUCT_NAME = "$(TARGET_NAME)";
				SWIFT_EMIT_LOC_STRINGS = YES;
				SWIFT_VERSION = 5.0;
				TARGETED_DEVICE_FAMILY = "1,2";
			};
			name = Debug;
		};
		FFE38AB92C9261A70010F086 /* Release */ = {
			isa = XCBuildConfiguration;
			buildSettings = {
				ASSETCATALOG_COMPILER_APPICON_NAME = AppIcon;
				ASSETCATALOG_COMPILER_GLOBAL_ACCENT_COLOR_NAME = AccentColor;
				CODE_SIGN_STYLE = Automatic;
				CURRENT_PROJECT_VERSION = 1;
				GENERATE_INFOPLIST_FILE = YES;
				INFOPLIST_FILE = "Multiplication-Table/Info.plist";
				INFOPLIST_KEY_UIApplicationSupportsIndirectInputEvents = YES;
				INFOPLIST_KEY_UILaunchStoryboardName = LaunchScreen;
				INFOPLIST_KEY_UIMainStoryboardFile = Main;
				INFOPLIST_KEY_UISupportedInterfaceOrientations_iPad = "UIInterfaceOrientationPortrait UIInterfaceOrientationPortraitUpsideDown UIInterfaceOrientationLandscapeLeft UIInterfaceOrientationLandscapeRight";
				INFOPLIST_KEY_UISupportedInterfaceOrientations_iPhone = "UIInterfaceOrientationPortrait UIInterfaceOrientationLandscapeLeft UIInterfaceOrientationLandscapeRight";
				LD_RUNPATH_SEARCH_PATHS = (
					"$(inherited)",
					"@executable_path/Frameworks",
				);
				MARKETING_VERSION = 1.0;
				PRODUCT_BUNDLE_IDENTIFIER = "com.Jo.Multiplication-Table";
				PRODUCT_NAME = "$(TARGET_NAME)";
				SWIFT_EMIT_LOC_STRINGS = YES;
				SWIFT_VERSION = 5.0;
				TARGETED_DEVICE_FAMILY = "1,2";
			};
			name = Release;
		};
		FFE38ABB2C9261A70010F086 /* Debug */ = {
			isa = XCBuildConfiguration;
			buildSettings = {
				ALWAYS_EMBED_SWIFT_STANDARD_LIBRARIES = YES;
				BUNDLE_LOADER = "$(TEST_HOST)";
				CODE_SIGN_STYLE = Automatic;
				CURRENT_PROJECT_VERSION = 1;
				GENERATE_INFOPLIST_FILE = YES;
				IPHONEOS_DEPLOYMENT_TARGET = 17.5;
				MARKETING_VERSION = 1.0;
				PRODUCT_BUNDLE_IDENTIFIER = "com.Jo.Multiplication-TableTests";
				PRODUCT_NAME = "$(TARGET_NAME)";
				SWIFT_EMIT_LOC_STRINGS = NO;
				SWIFT_VERSION = 5.0;
				TARGETED_DEVICE_FAMILY = "1,2";
				TEST_HOST = "$(BUILT_PRODUCTS_DIR)/Multiplication-Table.app/$(BUNDLE_EXECUTABLE_FOLDER_PATH)/Multiplication-Table";
			};
			name = Debug;
		};
		FFE38ABC2C9261A70010F086 /* Release */ = {
			isa = XCBuildConfiguration;
			buildSettings = {
				ALWAYS_EMBED_SWIFT_STANDARD_LIBRARIES = YES;
				BUNDLE_LOADER = "$(TEST_HOST)";
				CODE_SIGN_STYLE = Automatic;
				CURRENT_PROJECT_VERSION = 1;
				GENERATE_INFOPLIST_FILE = YES;
				IPHONEOS_DEPLOYMENT_TARGET = 17.5;
				MARKETING_VERSION = 1.0;
				PRODUCT_BUNDLE_IDENTIFIER = "com.Jo.Multiplication-TableTests";
				PRODUCT_NAME = "$(TARGET_NAME)";
				SWIFT_EMIT_LOC_STRINGS = NO;
				SWIFT_VERSION = 5.0;
				TARGETED_DEVICE_FAMILY = "1,2";
				TEST_HOST = "$(BUILT_PRODUCTS_DIR)/Multiplication-Table.app/$(BUNDLE_EXECUTABLE_FOLDER_PATH)/Multiplication-Table";
			};
			name = Release;
		};
		FFE38ABE2C9261A70010F086 /* Debug */ = {
			isa = XCBuildConfiguration;
			buildSettings = {
				ALWAYS_EMBED_SWIFT_STANDARD_LIBRARIES = YES;
				CODE_SIGN_STYLE = Automatic;
				CURRENT_PROJECT_VERSION = 1;
				GENERATE_INFOPLIST_FILE = YES;
				MARKETING_VERSION = 1.0;
				PRODUCT_BUNDLE_IDENTIFIER = "com.Jo.Multiplication-TableUITests";
				PRODUCT_NAME = "$(TARGET_NAME)";
				SWIFT_EMIT_LOC_STRINGS = NO;
				SWIFT_VERSION = 5.0;
				TARGETED_DEVICE_FAMILY = "1,2";
				TEST_TARGET_NAME = "Multiplication-Table";
			};
			name = Debug;
		};
		FFE38ABF2C9261A70010F086 /* Release */ = {
			isa = XCBuildConfiguration;
			buildSettings = {
				ALWAYS_EMBED_SWIFT_STANDARD_LIBRARIES = YES;
				CODE_SIGN_STYLE = Automatic;
				CURRENT_PROJECT_VERSION = 1;
				GENERATE_INFOPLIST_FILE = YES;
				MARKETING_VERSION = 1.0;
				PRODUCT_BUNDLE_IDENTIFIER = "com.Jo.Multiplication-TableUITests";
				PRODUCT_NAME = "$(TARGET_NAME)";
				SWIFT_EMIT_LOC_STRINGS = NO;
				SWIFT_VERSION = 5.0;
				TARGETED_DEVICE_FAMILY = "1,2";
				TEST_TARGET_NAME = "Multiplication-Table";
			};
			name = Release;
		};
/* End XCBuildConfiguration section */

/* Begin XCConfigurationList section */
		FFE38A882C9261A60010F086 /* Build configuration list for PBXProject "Multiplication-Table" */ = {
			isa = XCConfigurationList;
			buildConfigurations = (
				FFE38AB52C9261A70010F086 /* Debug */,
				FFE38AB62C9261A70010F086 /* Release */,
			);
			defaultConfigurationIsVisible = 0;
			defaultConfigurationName = Release;
		};
		FFE38AB72C9261A70010F086 /* Build configuration list for PBXNativeTarget "Multiplication-Table" */ = {
			isa = XCConfigurationList;
			buildConfigurations = (
				FFE38AB82C9261A70010F086 /* Debug */,
				FFE38AB92C9261A70010F086 /* Release */,
			);
			defaultConfigurationIsVisible = 0;
			defaultConfigurationName = Release;
		};
		FFE38ABA2C9261A70010F086 /* Build configuration list for PBXNativeTarget "Multiplication-TableTests" */ = {
			isa = XCConfigurationList;
			buildConfigurations = (
				FFE38ABB2C9261A70010F086 /* Debug */,
				FFE38ABC2C9261A70010F086 /* Release */,
			);
			defaultConfigurationIsVisible = 0;
			defaultConfigurationName = Release;
		};
		FFE38ABD2C9261A70010F086 /* Build configuration list for PBXNativeTarget "Multiplication-TableUITests" */ = {
			isa = XCConfigurationList;
			buildConfigurations = (
				FFE38ABE2C9261A70010F086 /* Debug */,
				FFE38ABF2C9261A70010F086 /* Release */,
			);
			defaultConfigurationIsVisible = 0;
			defaultConfigurationName = Release;
		};
/* End XCConfigurationList section */
	};
	rootObject = FFE38A852C9261A60010F086 /* Project object */;
}
